{
  "requires": true,
  "lockfileVersion": 1,
  "dependencies": {
    "d3-delaunay": {
      "version": "4.1.5",
      "resolved": "https://registry.npmjs.org/d3-delaunay/-/d3-delaunay-4.1.5.tgz",
      "integrity": "sha512-rBKVohmXT9+BrDicH8umAVUwtkfLIydVlWnpIEDUZ4l2e1vXCaKbypByF8tkN8TUUKnzJY0s8ldQEroeBRMO9Q==",
      "requires": {
        "delaunator": "^2.0.0"
      }
    },
    "d3-dispatch": {
      "version": "1.0.5",
      "resolved": "https://registry.npmjs.org/d3-dispatch/-/d3-dispatch-1.0.5.tgz",
      "integrity": "sha512-vwKx+lAqB1UuCeklr6Jh1bvC4SZgbSqbkGBLClItFBIYH4vqDJCA7qfoy14lXmJdnBOdxndAMxjCbImJYW7e6g=="
    },
    "d3-force": {
      "version": "2.0.0",
      "resolved": "https://registry.npmjs.org/d3-force/-/d3-force-2.0.0.tgz",
      "integrity": "sha512-aDpHOuvG5tIgP/a3U0ZyZ14Z3mdj3dwOIhuLSWiA/sMRqvjtc4XTNGFTLPVWiR7qbMFsDiG5roFkoq7S+uKAYA==",
      "requires": {
        "d3-dispatch": "1",
        "d3-quadtree": "1",
        "d3-timer": "1"
      }
    },
    "d3-quadtree": {
      "version": "1.0.5",
      "resolved": "https://registry.npmjs.org/d3-quadtree/-/d3-quadtree-1.0.5.tgz",
      "integrity": "sha512-U2tjwDFbZ75JRAg8A+cqMvqPg1G3BE7UTJn3h8DHjY/pnsAfWdbJKgyfcy7zKjqGtLAmI0q8aDSeG1TVIKRaHQ=="
    },
    "d3-timer": {
      "version": "1.0.9",
      "resolved": "https://registry.npmjs.org/d3-timer/-/d3-timer-1.0.9.tgz",
      "integrity": "sha512-rT34J5HnQUHhcLvhSB9GjCkN0Ddd5Y8nCwDBG2u6wQEeYxT/Lf51fTFFkldeib/sE/J0clIe0pnCfs6g/lRbyg=="
    },
    "delaunator": {
      "version": "2.0.5",
      "resolved": "https://registry.npmjs.org/delaunator/-/delaunator-2.0.5.tgz",
      "integrity": "sha512-GSYmkITO56erpQzv5Pw+8Vg769kurM16IVUq/AcMb5ZCJCtV7Z2agx9lJ7EbbLno8L099iH2d+hvAK34ZnsvIQ=="
    }
  }
}
